hash: a0509f64604278949c53934f12d8056975e1516924af4298af616a01b63e8e2e
updated: 2017-07-11T01:29:31.847471336+08:00
imports:
- name: github.com/davecgh/go-spew
  version: 6d212800a42e8ab5c146b8ace3490ee17e5225f9
  subpackages:
  - spew
- name: github.com/go-errors/errors
  version: 8fa88b06e5974e97fbf9899a7f86a344bfd1f105
- name: github.com/joho/godotenv
  version: 726cc8b906e3d31c70a9671c90a13716a8d3f50d
  subpackages:
  - autoload
- name: github.com/lib/pq
  version: 8837942c3e09574accbc5f150e2c5e057189cace
  subpackages:
  - oid
- name: github.com/oleiade/reflections
  version: 2b6ec3da648e3e834dc41bad8d9ed7f2dc6a9496
- name: github.com/ory-am/common
  version: b6357395e30805e2ad1f6d8fb759fa2b7146d8da
  subpackages:
  - pkg
- name: github.com/ory/osin-storage
  version: aa4920ab894adc94763e04a23f8bc11d171c5d45
  subpackages:
  - storage/postgres
- name: github.com/pborman/uuid
  version: e790cca94e6cc75c7064b1332e63811d4aae1a53
- name: github.com/pmezard/go-difflib
  version: d8ed2627bdf02c080bf22230dbb337003b7aba2d
  subpackages:
  - difflib
- name: github.com/RangelReale/osin
  version: 2f5f7674c44822fc44682c117025ccb0752627f8
- name: github.com/Sirupsen/logrus
  version: ba1b36c82c5e05c4f912a88eab0dcd91a171688f
- name: github.com/stretchr/testify
  version: 69483b4bd14f5845b5a1e55bca19e954e827f1d0
  subpackages:
  - assert
  - require
- name: golang.org/x/sys
  version: 0e0164865330d5cf1c00247be08330bf96e2f87c
  subpackages:
  - unix
- name: gopkg.in/gin-gonic/gin.v1
  version: d459835d2b077e44f7c9b453505ee29881d5d12d
testImports: []
